
Microsoft Visual Studio Solution File, Format Version 12.00
# Visual Studio Version 16
VisualStudioVersion = 16.0.29509.3
MinimumVisualStudioVersion = 10.0.40219.1
Project("{2150E333-8FDC-42A3-9474-1A3956D46DE8}") = "Composer", "Composer", "{F8203AB2-6DBF-4E79-BDC4-D0D30A643AB3}"
EndProject
Project("{2150E333-8FDC-42A3-9474-1A3956D46DE8}") = "Composer.CompositeC1", "Composer.CompositeC1", "{C632909C-6B2D-4291-B581-24ED8F5CB55E}"
EndProject
Project("{2150E333-8FDC-42A3-9474-1A3956D46DE8}") = "1 - Backend", "1 - Backend", "{20BA1AA4-841F-476D-9976-92A099D07B0A}"
EndProject
Project("{2150E333-8FDC-42A3-9474-1A3956D46DE8}") = "2 - Frontend", "2 - Frontend", "{2FB0F309-4BE8-4453-A7DF-BFB406C8828B}"
EndProject
Project("{2150E333-8FDC-42A3-9474-1A3956D46DE8}") = "3 - Mvc Site", "3 - Mvc Site", "{45DCA0ED-5F3E-4742-8391-E73166704AE6}"
EndProject
Project("{2150E333-8FDC-42A3-9474-1A3956D46DE8}") = "4 - IntegrationTests", "4 - IntegrationTests", "{EAA67FB6-4AA4-4E62-B9A8-459DBCBCAF78}"
EndProject
Project("{2150E333-8FDC-42A3-9474-1A3956D46DE8}") = "8 - Tooling", "8 - Tooling", "{23BC50AA-0E8F-4562-93C8-FFD04921B237}"
EndProject
Project("{2150E333-8FDC-42A3-9474-1A3956D46DE8}") = "9 - Third Party", "9 - Third Party", "{CD875714-33DE-4BD9-9DDB-70A640E31E73}"
EndProject
Project("{2150E333-8FDC-42A3-9474-1A3956D46DE8}") = "X - Packaging", "X - Packaging", "{D337149B-C0DC-443F-8CC6-4F780146872F}"
EndProject
Project("{2150E333-8FDC-42A3-9474-1A3956D46DE8}") = "Concerns", "Concerns", "{7CB2BAA2-F80A-4FF3-AB35-D876A06B860B}"
EndProject
Project("{FAE04EC0-301F-11D3-BF4B-00C04F79EFBC}") = "Composer", "src\Composer\Composer\Composer.csproj", "{D00BD58B-93FE-4F3D-BBC8-6F7873CA6830}"
EndProject
Project("{FAE04EC0-301F-11D3-BF4B-00C04F79EFBC}") = "Composer.Cart", "src\Composer\Composer.Cart\Composer.Cart.csproj", "{08F6FCB8-6065-4D31-B7DF-67FE67EE67E5}"
EndProject
Project("{FAE04EC0-301F-11D3-BF4B-00C04F79EFBC}") = "Composer.Cart.Tests", "src\Composer\Composer.Cart.Tests\Composer.Cart.Tests.csproj", "{D965ED93-6B66-44CF-8B0E-D6339529FC03}"
EndProject
Project("{FAE04EC0-301F-11D3-BF4B-00C04F79EFBC}") = "Composer.MyAccount", "src\Composer\Composer.MyAccount\Composer.MyAccount.csproj", "{0A2628F0-3E30-4DA6-852F-B2CBEC9B968D}"
EndProject
Project("{FAE04EC0-301F-11D3-BF4B-00C04F79EFBC}") = "Composer.MyAccount.Tests", "src\Composer\Composer.MyAccount.Tests\Composer.MyAccount.Tests.csproj", "{1E290AA1-36ED-484E-B3E7-ADDCB3DC9D1A}"
EndProject
Project("{FAE04EC0-301F-11D3-BF4B-00C04F79EFBC}") = "Composer.Product", "src\Composer\Composer.Product\Composer.Product.csproj", "{1F767098-1FBF-4CB9-8637-6529E1CC0B24}"
EndProject
Project("{FAE04EC0-301F-11D3-BF4B-00C04F79EFBC}") = "Composer.Product.Tests", "src\Composer\Composer.Product.Tests\Composer.Product.Tests.csproj", "{11C4BDBF-34BE-4094-A07C-EDC712671071}"
EndProject
Project("{FAE04EC0-301F-11D3-BF4B-00C04F79EFBC}") = "Composer.Search", "src\Composer\Composer.Search\Composer.Search.csproj", "{CE6AD95E-0EBB-4E38-BF0B-27A67915FA68}"
EndProject
Project("{FAE04EC0-301F-11D3-BF4B-00C04F79EFBC}") = "Composer.Search.Tests", "src\Composer\Composer.Search.Tests\Composer.Search.Tests.csproj", "{964B228B-C9FA-49AB-82C2-4F417D1BCFCB}"
EndProject
Project("{FAE04EC0-301F-11D3-BF4B-00C04F79EFBC}") = "Composer.Store", "src\Composer\Composer.Store\Composer.Store.csproj", "{1407AF7B-A1FE-4B52-906B-7503B6DB0F2B}"
EndProject
Project("{FAE04EC0-301F-11D3-BF4B-00C04F79EFBC}") = "Composer.Store.Tests", "src\Composer\Composer.Store.Tests\Composer.Store.Tests.csproj", "{9BDB2A7F-8D0E-44EA-B270-547891C63A3E}"
EndProject
Project("{FAE04EC0-301F-11D3-BF4B-00C04F79EFBC}") = "Composer.Tests", "src\Composer\Composer.Tests\Composer.Tests.csproj", "{24EAEC4F-3E3C-4A4A-AB18-F8D64A7C0673}"
EndProject
Project("{FAE04EC0-301F-11D3-BF4B-00C04F79EFBC}") = "Composer.IntegrationTests", "src\Composer\Composer.IntegrationTests\Composer.IntegrationTests.csproj", "{32B4C021-6FB5-44DB-8A12-6710DEB4429E}"
EndProject
Project("{FAE04EC0-301F-11D3-BF4B-00C04F79EFBC}") = "Orckestra.ForTests", "src\Composer\Orckestra.ForTests\Orckestra.ForTests.csproj", "{B2BE051E-82D7-4643-BB56-98F161833E30}"
EndProject
Project("{FAE04EC0-301F-11D3-BF4B-00C04F79EFBC}") = "Composer.LoadTest", "src\Composer\Composer.LoadTest\Composer.LoadTest.csproj", "{3AFCC15C-B3E7-4F44-9D67-44018FDFDABE}"
EndProject
Project("{FAE04EC0-301F-11D3-BF4B-00C04F79EFBC}") = "Composer.LoadTest.Tests", "src\Composer\Composer.LoadTest.Tests\Composer.LoadTest.Tests.csproj", "{7501DDC4-8A28-4DF3-ADC6-5132D043E738}"
EndProject
Project("{2150E333-8FDC-42A3-9474-1A3956D46DE8}") = "1 - Backend", "1 - Backend", "{4DCDCE50-0C30-48AA-A869-52B947937A25}"
EndProject
Project("{2150E333-8FDC-42A3-9474-1A3956D46DE8}") = "2 - Frontend", "2 - Frontend", "{0C446F06-2A14-4F27-A77E-F0831D43D86F}"
EndProject
Project("{2150E333-8FDC-42A3-9474-1A3956D46DE8}") = "3 - Mvc Site", "3 - Mvc Site", "{E1436264-1C99-474D-B4B4-10330DBA3F22}"
EndProject
Project("{2150E333-8FDC-42A3-9474-1A3956D46DE8}") = "4 - IntegrationTests", "4 - IntegrationTests", "{53881F8E-D968-4D29-879B-C7B714A6D5E8}"
EndProject
Project("{2150E333-8FDC-42A3-9474-1A3956D46DE8}") = "5 - C1 CMS Packages", "5 - C1 CMS Packages", "{303355EE-E2EF-46D5-8B56-BE44E9F3D93D}"
EndProject
Project("{2150E333-8FDC-42A3-9474-1A3956D46DE8}") = "X - Packaging", "X - Packaging", "{76A2B541-9659-4824-A8B4-0431AD0E328D}"
EndProject
Project("{FAE04EC0-301F-11D3-BF4B-00C04F79EFBC}") = "Composer.CompositeC1", "src\Composer.CompositeC1\Composer.CompositeC1\Composer.CompositeC1.csproj", "{3E42C35E-B19C-4ABE-80F8-FD268D44E11F}"
EndProject
Project("{FAE04EC0-301F-11D3-BF4B-00C04F79EFBC}") = "Composer.CompositeC1.DataTypes", "src\Composer.CompositeC1\Composer.CompositeC1.DataTypes\Composer.CompositeC1.DataTypes.csproj", "{E84BF038-FC5E-4841-8C5A-918FE8EAFF8F}"
EndProject
Project("{FAE04EC0-301F-11D3-BF4B-00C04F79EFBC}") = "Composer.CompositeC1.Tests", "src\Composer.CompositeC1\Composer.CompositeC1.Tests\Composer.CompositeC1.Tests.csproj", "{DB2343A4-77DB-4B6E-82D0-74C7724FC821}"
EndProject
Project("{FAE04EC0-301F-11D3-BF4B-00C04F79EFBC}") = "Composer.CompositeC1.Mvc", "src\Composer.CompositeC1\Composer.CompositeC1.Mvc\Composer.CompositeC1.Mvc.csproj", "{7E75D550-3C78-46D0-A124-065A5FFFA0B2}"
	ProjectSection(ProjectDependencies) = postProject
		{A8B2D94C-8C2E-4AC5-875A-6E3540B56ADD} = {A8B2D94C-8C2E-4AC5-875A-6E3540B56ADD}
		{8F9AD96B-47B6-4BBD-AD4E-0155B49D2BFD} = {8F9AD96B-47B6-4BBD-AD4E-0155B49D2BFD}
		{112B646F-5193-45CC-A9EF-D632D853CFB1} = {112B646F-5193-45CC-A9EF-D632D853CFB1}
		{B391AB82-48AB-4F73-B141-80EE9DE7D381} = {B391AB82-48AB-4F73-B141-80EE9DE7D381}
		{0654D78B-DE8C-4EB7-B32B-34DD1AFE46BF} = {0654D78B-DE8C-4EB7-B32B-34DD1AFE46BF}
		{9DFD94A1-FCCB-4B7B-8CCE-4D8F1D0E2B50} = {9DFD94A1-FCCB-4B7B-8CCE-4D8F1D0E2B50}
		{460EACA2-1EDB-46BC-A508-F784E4A4DA97} = {460EACA2-1EDB-46BC-A508-F784E4A4DA97}
		{8227ECD6-6D34-4F4D-BFBC-02BC52E7CE7A} = {8227ECD6-6D34-4F4D-BFBC-02BC52E7CE7A}
		{4FE997FF-A528-4908-885B-D5CB2BB41F2F} = {4FE997FF-A528-4908-885B-D5CB2BB41F2F}
	EndProjectSection
EndProject
Project("{2150E333-8FDC-42A3-9474-1A3956D46DE8}") = "Articles", "Articles", "{A57608FB-0095-40B3-B1AD-9F70581DD3DD}"
EndProject
Project("{2150E333-8FDC-42A3-9474-1A3956D46DE8}") = "Content", "Content", "{B8DA1457-A933-4B02-A5DF-2F899148CF50}"
EndProject
Project("{2150E333-8FDC-42A3-9474-1A3956D46DE8}") = "ContentSearch", "ContentSearch", "{770A2997-276D-405D-92CF-19305490154D}"
EndProject
Project("{2150E333-8FDC-42A3-9474-1A3956D46DE8}") = "Queries", "Queries", "{7B284A42-216E-45CE-BA98-311E3FF283D8}"
EndProject
Project("{2150E333-8FDC-42A3-9474-1A3956D46DE8}") = "SEO", "SEO", "{92C9596E-51D2-423E-9EE3-371DAC653F40}"
EndProject
Project("{2150E333-8FDC-42A3-9474-1A3956D46DE8}") = "Sitemap", "Sitemap", "{89454FDA-66CB-4FCA-A164-E84CEF8D8D23}"
EndProject
Project("{FAE04EC0-301F-11D3-BF4B-00C04F79EFBC}") = "Orckestra.Composer.Articles", "src\Composer.CompositeC1\Orckestra.Composer.Articles\Orckestra.Composer.Articles.csproj", "{9DFD94A1-FCCB-4B7B-8CCE-4D8F1D0E2B50}"
EndProject
Project("{FAE04EC0-301F-11D3-BF4B-00C04F79EFBC}") = "Orckestra.Composer.Articles.Package", "src\Composer.CompositeC1\Orckestra.Composer.Articles.Package\Orckestra.Composer.Articles.Package.csproj", "{8E9E5849-176E-4B52-830E-6E466BACE126}"
EndProject
Project("{FAE04EC0-301F-11D3-BF4B-00C04F79EFBC}") = "Orckestra.Composer.Languages.Package", "src\Composer.CompositeC1\Orckestra.Composer.Languages\Orckestra.Composer.Languages.Package.csproj", "{B391AB82-48AB-4F73-B141-80EE9DE7D381}"
EndProject
Project("{FAE04EC0-301F-11D3-BF4B-00C04F79EFBC}") = "Orckestra.Composer.ContentSearch", "src\Composer.CompositeC1\Orckestra.Composer.ContentSearch\Orckestra.Composer.ContentSearch.csproj", "{460EACA2-1EDB-46BC-A508-F784E4A4DA97}"
EndProject
Project("{FAE04EC0-301F-11D3-BF4B-00C04F79EFBC}") = "Orckestra.Composer.ContentSearch.Content", "src\Composer.CompositeC1\Orckestra.Composer.ContentSearch.Content\Orckestra.Composer.ContentSearch.Content.csproj", "{0654D78B-DE8C-4EB7-B32B-34DD1AFE46BF}"
EndProject
Project("{FAE04EC0-301F-11D3-BF4B-00C04F79EFBC}") = "Orckestra.Composer.ContentSearch.Package", "src\Composer.CompositeC1\Orckestra.Composer.ContentSearch.Package\Orckestra.Composer.ContentSearch.Package.csproj", "{5C56B24A-09C3-4884-B769-E3E8A042EE6A}"
	ProjectSection(ProjectDependencies) = postProject
		{7E75D550-3C78-46D0-A124-065A5FFFA0B2} = {7E75D550-3C78-46D0-A124-065A5FFFA0B2}
	EndProjectSection
EndProject
Project("{FAE04EC0-301F-11D3-BF4B-00C04F79EFBC}") = "Orckestra.Composer.C1CMS.Queries", "src\Composer.CompositeC1\Orckestra.Composer.C1CMS.Queries\Orckestra.Composer.C1CMS.Queries.csproj", "{8F9AD96B-47B6-4BBD-AD4E-0155B49D2BFD}"
EndProject
Project("{FAE04EC0-301F-11D3-BF4B-00C04F79EFBC}") = "Orckestra.Composer.C1CMS.Queries.Package", "src\Composer.CompositeC1\Orckestra.Composer.C1CMS.Queries.Package\Orckestra.Composer.C1CMS.Queries.Package.csproj", "{112B646F-5193-45CC-A9EF-D632D853CFB1}"
EndProject
Project("{FAE04EC0-301F-11D3-BF4B-00C04F79EFBC}") = "Orckestra.Composer.SEO.Organization.Content", "src\Composer.CompositeC1\Orckestra.Composer.SEO.Content\Orckestra.Composer.SEO.Organization.Content.csproj", "{A8B2D94C-8C2E-4AC5-875A-6E3540B56ADD}"
EndProject
Project("{FAE04EC0-301F-11D3-BF4B-00C04F79EFBC}") = "Orckestra.Composer.SEO.Organization.Package", "src\Composer.CompositeC1\Orckestra.Composer.SEO.Organization\Orckestra.Composer.SEO.Organization.Package.csproj", "{199BF438-4F90-4C1C-941A-AF6B69A53396}"
EndProject
Project("{FAE04EC0-301F-11D3-BF4B-00C04F79EFBC}") = "Orckestra.Composer.Sitemap", "src\Composer.CompositeC1\Orckestra.Composer.Sitemap\Orckestra.Composer.Sitemap.csproj", "{8227ECD6-6D34-4F4D-BFBC-02BC52E7CE7A}"
EndProject
Project("{FAE04EC0-301F-11D3-BF4B-00C04F79EFBC}") = "Orckestra.Composer.Sitemap.Package", "src\Composer.CompositeC1\Orckestra.Composer.Sitemap.Package\Orckestra.Composer.Sitemap.Package.csproj", "{0136D28A-88DF-4C96-94FD-C1D6B4D4AE18}"
EndProject
Project("{FAE04EC0-301F-11D3-BF4B-00C04F79EFBC}") = "Orckestra.Composer.Sitemap.Tests", "src\Composer.CompositeC1\Orckestra.Composer.Sitemap.Tests\Orckestra.Composer.Sitemap.Tests.csproj", "{FDE26B94-980B-4155-A9A8-7CF6433C7658}"
EndProject
Project("{2150E333-8FDC-42A3-9474-1A3956D46DE8}") = "Solution Items", "Solution Items", "{C6D12807-C2E7-41CC-A31C-8DCFD141612E}"
	ProjectSection(SolutionItems) = preProject
		src\Solution Items\SharedAssemblyInfo.cs = src\Solution Items\SharedAssemblyInfo.cs
	EndProjectSection
EndProject
Project("{2150E333-8FDC-42A3-9474-1A3956D46DE8}") = "GTM", "GTM", "{4D7151A7-7C49-4C7D-B1A9-0885C669F186}"
	ProjectSection(SolutionItems) = preProject
		src\GTM\GTM-ReferenceApp.json = src\GTM\GTM-ReferenceApp.json
	EndProjectSection
EndProject
Project("{FAE04EC0-301F-11D3-BF4B-00C04F79EFBC}") = "Packaging", "src\Composer\Packaging\Packaging.csproj", "{1F28E387-E22C-4A3A-9584-8859B825B7B7}"
EndProject
Project("{FAE04EC0-301F-11D3-BF4B-00C04F79EFBC}") = "Orckestra.Composer.SearchQuery", "src\Composer\Orckestra.Composer.SearchQuery\Orckestra.Composer.SearchQuery.csproj", "{6DEE1972-E64B-43F0-BBAF-04D0AA64DD60}"
EndProject
Project("{FAE04EC0-301F-11D3-BF4B-00C04F79EFBC}") = "Orckestra.Composer.C1.Core", "src\Composer.CompositeC1\Orckestra.Composer.C1.Core\Orckestra.Composer.C1.Core.csproj", "{EA8CAB27-7AF8-4913-B7A4-4703A0E6B4B7}"
EndProject
Project("{FAE04EC0-301F-11D3-BF4B-00C04F79EFBC}") = "Orckestra.Composer.C1.Content.FR-CA", "src\Composer.CompositeC1\Orckestra.Composer.C1.Content.FR-CA\Orckestra.Composer.C1.Content.FR-CA.csproj", "{09F0C4FB-DDBF-4C06-8A27-A1CE7BD29233}"
EndProject
Project("{FAE04EC0-301F-11D3-BF4B-00C04F79EFBC}") = "Orckestra.Composer.C1.Content.EN-CA", "src\Composer.CompositeC1\Orckestra.Composer.C1.Content.EN-CA\Orckestra.Composer.C1.Content.EN-CA.csproj", "{91BA9F0C-A917-46A8-9165-C91CD540AE08}"
EndProject
Project("{FAE04EC0-301F-11D3-BF4B-00C04F79EFBC}") = "Composer.UI", "src\Composer\Composer.UI\Composer.UI.csproj", "{4FE997FF-A528-4908-885B-D5CB2BB41F2F}"
EndProject
Global
	GlobalSection(SolutionConfigurationPlatforms) = preSolution
		Debug|Any CPU = Debug|Any CPU
		Release|Any CPU = Release|Any CPU
	EndGlobalSection
	GlobalSection(ProjectConfigurationPlatforms) = postSolution
		{D00BD58B-93FE-4F3D-BBC8-6F7873CA6830}.Debug|Any CPU.ActiveCfg = Debug|Any CPU
		{D00BD58B-93FE-4F3D-BBC8-6F7873CA6830}.Debug|Any CPU.Build.0 = Debug|Any CPU
		{D00BD58B-93FE-4F3D-BBC8-6F7873CA6830}.Release|Any CPU.ActiveCfg = Release|Any CPU
		{D00BD58B-93FE-4F3D-BBC8-6F7873CA6830}.Release|Any CPU.Build.0 = Release|Any CPU
		{08F6FCB8-6065-4D31-B7DF-67FE67EE67E5}.Debug|Any CPU.ActiveCfg = Debug|Any CPU
		{08F6FCB8-6065-4D31-B7DF-67FE67EE67E5}.Debug|Any CPU.Build.0 = Debug|Any CPU
		{08F6FCB8-6065-4D31-B7DF-67FE67EE67E5}.Release|Any CPU.ActiveCfg = Release|Any CPU
		{08F6FCB8-6065-4D31-B7DF-67FE67EE67E5}.Release|Any CPU.Build.0 = Release|Any CPU
		{D965ED93-6B66-44CF-8B0E-D6339529FC03}.Debug|Any CPU.ActiveCfg = Debug|Any CPU
		{D965ED93-6B66-44CF-8B0E-D6339529FC03}.Debug|Any CPU.Build.0 = Debug|Any CPU
		{D965ED93-6B66-44CF-8B0E-D6339529FC03}.Release|Any CPU.ActiveCfg = Release|Any CPU
		{D965ED93-6B66-44CF-8B0E-D6339529FC03}.Release|Any CPU.Build.0 = Release|Any CPU
		{0A2628F0-3E30-4DA6-852F-B2CBEC9B968D}.Debug|Any CPU.ActiveCfg = Debug|Any CPU
		{0A2628F0-3E30-4DA6-852F-B2CBEC9B968D}.Debug|Any CPU.Build.0 = Debug|Any CPU
		{0A2628F0-3E30-4DA6-852F-B2CBEC9B968D}.Release|Any CPU.ActiveCfg = Release|Any CPU
		{0A2628F0-3E30-4DA6-852F-B2CBEC9B968D}.Release|Any CPU.Build.0 = Release|Any CPU
		{1E290AA1-36ED-484E-B3E7-ADDCB3DC9D1A}.Debug|Any CPU.ActiveCfg = Debug|Any CPU
		{1E290AA1-36ED-484E-B3E7-ADDCB3DC9D1A}.Debug|Any CPU.Build.0 = Debug|Any CPU
		{1E290AA1-36ED-484E-B3E7-ADDCB3DC9D1A}.Release|Any CPU.ActiveCfg = Release|Any CPU
		{1E290AA1-36ED-484E-B3E7-ADDCB3DC9D1A}.Release|Any CPU.Build.0 = Release|Any CPU
		{1F767098-1FBF-4CB9-8637-6529E1CC0B24}.Debug|Any CPU.ActiveCfg = Debug|Any CPU
		{1F767098-1FBF-4CB9-8637-6529E1CC0B24}.Debug|Any CPU.Build.0 = Debug|Any CPU
		{1F767098-1FBF-4CB9-8637-6529E1CC0B24}.Release|Any CPU.ActiveCfg = Release|Any CPU
		{1F767098-1FBF-4CB9-8637-6529E1CC0B24}.Release|Any CPU.Build.0 = Release|Any CPU
		{11C4BDBF-34BE-4094-A07C-EDC712671071}.Debug|Any CPU.ActiveCfg = Debug|Any CPU
		{11C4BDBF-34BE-4094-A07C-EDC712671071}.Debug|Any CPU.Build.0 = Debug|Any CPU
		{11C4BDBF-34BE-4094-A07C-EDC712671071}.Release|Any CPU.ActiveCfg = Release|Any CPU
		{11C4BDBF-34BE-4094-A07C-EDC712671071}.Release|Any CPU.Build.0 = Release|Any CPU
		{CE6AD95E-0EBB-4E38-BF0B-27A67915FA68}.Debug|Any CPU.ActiveCfg = Debug|Any CPU
		{CE6AD95E-0EBB-4E38-BF0B-27A67915FA68}.Debug|Any CPU.Build.0 = Debug|Any CPU
		{CE6AD95E-0EBB-4E38-BF0B-27A67915FA68}.Release|Any CPU.ActiveCfg = Release|Any CPU
		{CE6AD95E-0EBB-4E38-BF0B-27A67915FA68}.Release|Any CPU.Build.0 = Release|Any CPU
		{964B228B-C9FA-49AB-82C2-4F417D1BCFCB}.Debug|Any CPU.ActiveCfg = Debug|Any CPU
		{964B228B-C9FA-49AB-82C2-4F417D1BCFCB}.Debug|Any CPU.Build.0 = Debug|Any CPU
		{964B228B-C9FA-49AB-82C2-4F417D1BCFCB}.Release|Any CPU.ActiveCfg = Release|Any CPU
		{964B228B-C9FA-49AB-82C2-4F417D1BCFCB}.Release|Any CPU.Build.0 = Release|Any CPU
		{1407AF7B-A1FE-4B52-906B-7503B6DB0F2B}.Debug|Any CPU.ActiveCfg = Debug|Any CPU
		{1407AF7B-A1FE-4B52-906B-7503B6DB0F2B}.Debug|Any CPU.Build.0 = Debug|Any CPU
		{1407AF7B-A1FE-4B52-906B-7503B6DB0F2B}.Release|Any CPU.ActiveCfg = Release|Any CPU
		{1407AF7B-A1FE-4B52-906B-7503B6DB0F2B}.Release|Any CPU.Build.0 = Release|Any CPU
		{9BDB2A7F-8D0E-44EA-B270-547891C63A3E}.Debug|Any CPU.ActiveCfg = Debug|Any CPU
		{9BDB2A7F-8D0E-44EA-B270-547891C63A3E}.Debug|Any CPU.Build.0 = Debug|Any CPU
		{9BDB2A7F-8D0E-44EA-B270-547891C63A3E}.Release|Any CPU.ActiveCfg = Release|Any CPU
		{9BDB2A7F-8D0E-44EA-B270-547891C63A3E}.Release|Any CPU.Build.0 = Release|Any CPU
		{24EAEC4F-3E3C-4A4A-AB18-F8D64A7C0673}.Debug|Any CPU.ActiveCfg = Debug|Any CPU
		{24EAEC4F-3E3C-4A4A-AB18-F8D64A7C0673}.Debug|Any CPU.Build.0 = Debug|Any CPU
		{24EAEC4F-3E3C-4A4A-AB18-F8D64A7C0673}.Release|Any CPU.ActiveCfg = Release|Any CPU
		{24EAEC4F-3E3C-4A4A-AB18-F8D64A7C0673}.Release|Any CPU.Build.0 = Release|Any CPU
		{32B4C021-6FB5-44DB-8A12-6710DEB4429E}.Debug|Any CPU.ActiveCfg = Debug|Any CPU
		{32B4C021-6FB5-44DB-8A12-6710DEB4429E}.Debug|Any CPU.Build.0 = Debug|Any CPU
		{32B4C021-6FB5-44DB-8A12-6710DEB4429E}.Release|Any CPU.ActiveCfg = Release|Any CPU
		{32B4C021-6FB5-44DB-8A12-6710DEB4429E}.Release|Any CPU.Build.0 = Release|Any CPU
		{B2BE051E-82D7-4643-BB56-98F161833E30}.Debug|Any CPU.ActiveCfg = Debug|Any CPU
		{B2BE051E-82D7-4643-BB56-98F161833E30}.Debug|Any CPU.Build.0 = Debug|Any CPU
		{B2BE051E-82D7-4643-BB56-98F161833E30}.Release|Any CPU.ActiveCfg = Release|Any CPU
		{B2BE051E-82D7-4643-BB56-98F161833E30}.Release|Any CPU.Build.0 = Release|Any CPU
		{3AFCC15C-B3E7-4F44-9D67-44018FDFDABE}.Debug|Any CPU.ActiveCfg = Debug|Any CPU
		{3AFCC15C-B3E7-4F44-9D67-44018FDFDABE}.Debug|Any CPU.Build.0 = Debug|Any CPU
		{3AFCC15C-B3E7-4F44-9D67-44018FDFDABE}.Release|Any CPU.ActiveCfg = Release|Any CPU
		{3AFCC15C-B3E7-4F44-9D67-44018FDFDABE}.Release|Any CPU.Build.0 = Release|Any CPU
		{7501DDC4-8A28-4DF3-ADC6-5132D043E738}.Debug|Any CPU.ActiveCfg = Debug|Any CPU
		{7501DDC4-8A28-4DF3-ADC6-5132D043E738}.Debug|Any CPU.Build.0 = Debug|Any CPU
		{7501DDC4-8A28-4DF3-ADC6-5132D043E738}.Release|Any CPU.ActiveCfg = Release|Any CPU
		{7501DDC4-8A28-4DF3-ADC6-5132D043E738}.Release|Any CPU.Build.0 = Release|Any CPU
		{3E42C35E-B19C-4ABE-80F8-FD268D44E11F}.Debug|Any CPU.ActiveCfg = Debug|Any CPU
		{3E42C35E-B19C-4ABE-80F8-FD268D44E11F}.Debug|Any CPU.Build.0 = Debug|Any CPU
		{3E42C35E-B19C-4ABE-80F8-FD268D44E11F}.Release|Any CPU.ActiveCfg = Release|Any CPU
		{3E42C35E-B19C-4ABE-80F8-FD268D44E11F}.Release|Any CPU.Build.0 = Release|Any CPU
		{E84BF038-FC5E-4841-8C5A-918FE8EAFF8F}.Debug|Any CPU.ActiveCfg = Debug|Any CPU
		{E84BF038-FC5E-4841-8C5A-918FE8EAFF8F}.Debug|Any CPU.Build.0 = Debug|Any CPU
		{E84BF038-FC5E-4841-8C5A-918FE8EAFF8F}.Release|Any CPU.ActiveCfg = Release|Any CPU
		{E84BF038-FC5E-4841-8C5A-918FE8EAFF8F}.Release|Any CPU.Build.0 = Release|Any CPU
		{DB2343A4-77DB-4B6E-82D0-74C7724FC821}.Debug|Any CPU.ActiveCfg = Debug|Any CPU
		{DB2343A4-77DB-4B6E-82D0-74C7724FC821}.Debug|Any CPU.Build.0 = Debug|Any CPU
		{DB2343A4-77DB-4B6E-82D0-74C7724FC821}.Release|Any CPU.ActiveCfg = Release|Any CPU
		{DB2343A4-77DB-4B6E-82D0-74C7724FC821}.Release|Any CPU.Build.0 = Release|Any CPU
		{7E75D550-3C78-46D0-A124-065A5FFFA0B2}.Debug|Any CPU.ActiveCfg = Debug|Any CPU
		{7E75D550-3C78-46D0-A124-065A5FFFA0B2}.Debug|Any CPU.Build.0 = Debug|Any CPU
		{7E75D550-3C78-46D0-A124-065A5FFFA0B2}.Release|Any CPU.ActiveCfg = Release|Any CPU
		{7E75D550-3C78-46D0-A124-065A5FFFA0B2}.Release|Any CPU.Build.0 = Release|Any CPU
		{9DFD94A1-FCCB-4B7B-8CCE-4D8F1D0E2B50}.Debug|Any CPU.ActiveCfg = Debug|Any CPU
		{9DFD94A1-FCCB-4B7B-8CCE-4D8F1D0E2B50}.Debug|Any CPU.Build.0 = Debug|Any CPU
		{9DFD94A1-FCCB-4B7B-8CCE-4D8F1D0E2B50}.Release|Any CPU.ActiveCfg = Release|Any CPU
		{9DFD94A1-FCCB-4B7B-8CCE-4D8F1D0E2B50}.Release|Any CPU.Build.0 = Release|Any CPU
		{8E9E5849-176E-4B52-830E-6E466BACE126}.Debug|Any CPU.ActiveCfg = Debug|Any CPU
		{8E9E5849-176E-4B52-830E-6E466BACE126}.Debug|Any CPU.Build.0 = Debug|Any CPU
		{8E9E5849-176E-4B52-830E-6E466BACE126}.Release|Any CPU.ActiveCfg = Release|Any CPU
		{8E9E5849-176E-4B52-830E-6E466BACE126}.Release|Any CPU.Build.0 = Release|Any CPU
		{B391AB82-48AB-4F73-B141-80EE9DE7D381}.Debug|Any CPU.ActiveCfg = Debug|Any CPU
		{B391AB82-48AB-4F73-B141-80EE9DE7D381}.Debug|Any CPU.Build.0 = Debug|Any CPU
		{B391AB82-48AB-4F73-B141-80EE9DE7D381}.Release|Any CPU.ActiveCfg = Release|Any CPU
		{B391AB82-48AB-4F73-B141-80EE9DE7D381}.Release|Any CPU.Build.0 = Release|Any CPU
		{460EACA2-1EDB-46BC-A508-F784E4A4DA97}.Debug|Any CPU.ActiveCfg = Debug|Any CPU
		{460EACA2-1EDB-46BC-A508-F784E4A4DA97}.Debug|Any CPU.Build.0 = Debug|Any CPU
		{460EACA2-1EDB-46BC-A508-F784E4A4DA97}.Release|Any CPU.ActiveCfg = Release|Any CPU
		{460EACA2-1EDB-46BC-A508-F784E4A4DA97}.Release|Any CPU.Build.0 = Release|Any CPU
		{0654D78B-DE8C-4EB7-B32B-34DD1AFE46BF}.Debug|Any CPU.ActiveCfg = Debug|Any CPU
		{0654D78B-DE8C-4EB7-B32B-34DD1AFE46BF}.Debug|Any CPU.Build.0 = Debug|Any CPU
		{0654D78B-DE8C-4EB7-B32B-34DD1AFE46BF}.Release|Any CPU.ActiveCfg = Release|Any CPU
		{0654D78B-DE8C-4EB7-B32B-34DD1AFE46BF}.Release|Any CPU.Build.0 = Release|Any CPU
		{5C56B24A-09C3-4884-B769-E3E8A042EE6A}.Debug|Any CPU.ActiveCfg = Debug|Any CPU
		{5C56B24A-09C3-4884-B769-E3E8A042EE6A}.Debug|Any CPU.Build.0 = Debug|Any CPU
		{5C56B24A-09C3-4884-B769-E3E8A042EE6A}.Release|Any CPU.ActiveCfg = Release|Any CPU
		{5C56B24A-09C3-4884-B769-E3E8A042EE6A}.Release|Any CPU.Build.0 = Release|Any CPU
		{8F9AD96B-47B6-4BBD-AD4E-0155B49D2BFD}.Debug|Any CPU.ActiveCfg = Debug|Any CPU
		{8F9AD96B-47B6-4BBD-AD4E-0155B49D2BFD}.Debug|Any CPU.Build.0 = Debug|Any CPU
		{8F9AD96B-47B6-4BBD-AD4E-0155B49D2BFD}.Release|Any CPU.ActiveCfg = Release|Any CPU
		{8F9AD96B-47B6-4BBD-AD4E-0155B49D2BFD}.Release|Any CPU.Build.0 = Release|Any CPU
		{112B646F-5193-45CC-A9EF-D632D853CFB1}.Debug|Any CPU.ActiveCfg = Debug|Any CPU
		{112B646F-5193-45CC-A9EF-D632D853CFB1}.Debug|Any CPU.Build.0 = Debug|Any CPU
		{112B646F-5193-45CC-A9EF-D632D853CFB1}.Release|Any CPU.ActiveCfg = Release|Any CPU
		{112B646F-5193-45CC-A9EF-D632D853CFB1}.Release|Any CPU.Build.0 = Release|Any CPU
		{A8B2D94C-8C2E-4AC5-875A-6E3540B56ADD}.Debug|Any CPU.ActiveCfg = Debug|Any CPU
		{A8B2D94C-8C2E-4AC5-875A-6E3540B56ADD}.Debug|Any CPU.Build.0 = Debug|Any CPU
		{A8B2D94C-8C2E-4AC5-875A-6E3540B56ADD}.Release|Any CPU.ActiveCfg = Release|Any CPU
		{A8B2D94C-8C2E-4AC5-875A-6E3540B56ADD}.Release|Any CPU.Build.0 = Release|Any CPU
		{199BF438-4F90-4C1C-941A-AF6B69A53396}.Debug|Any CPU.ActiveCfg = Debug|Any CPU
		{199BF438-4F90-4C1C-941A-AF6B69A53396}.Debug|Any CPU.Build.0 = Debug|Any CPU
		{199BF438-4F90-4C1C-941A-AF6B69A53396}.Release|Any CPU.ActiveCfg = Release|Any CPU
		{199BF438-4F90-4C1C-941A-AF6B69A53396}.Release|Any CPU.Build.0 = Release|Any CPU
		{8227ECD6-6D34-4F4D-BFBC-02BC52E7CE7A}.Debug|Any CPU.ActiveCfg = Debug|Any CPU
		{8227ECD6-6D34-4F4D-BFBC-02BC52E7CE7A}.Debug|Any CPU.Build.0 = Debug|Any CPU
		{8227ECD6-6D34-4F4D-BFBC-02BC52E7CE7A}.Release|Any CPU.ActiveCfg = Release|Any CPU
		{8227ECD6-6D34-4F4D-BFBC-02BC52E7CE7A}.Release|Any CPU.Build.0 = Release|Any CPU
		{0136D28A-88DF-4C96-94FD-C1D6B4D4AE18}.Debug|Any CPU.ActiveCfg = Debug|Any CPU
		{0136D28A-88DF-4C96-94FD-C1D6B4D4AE18}.Debug|Any CPU.Build.0 = Debug|Any CPU
		{0136D28A-88DF-4C96-94FD-C1D6B4D4AE18}.Release|Any CPU.ActiveCfg = Release|Any CPU
		{0136D28A-88DF-4C96-94FD-C1D6B4D4AE18}.Release|Any CPU.Build.0 = Release|Any CPU
		{FDE26B94-980B-4155-A9A8-7CF6433C7658}.Debug|Any CPU.ActiveCfg = Debug|Any CPU
		{FDE26B94-980B-4155-A9A8-7CF6433C7658}.Debug|Any CPU.Build.0 = Debug|Any CPU
		{FDE26B94-980B-4155-A9A8-7CF6433C7658}.Release|Any CPU.ActiveCfg = Release|Any CPU
		{FDE26B94-980B-4155-A9A8-7CF6433C7658}.Release|Any CPU.Build.0 = Release|Any CPU
		{1F28E387-E22C-4A3A-9584-8859B825B7B7}.Debug|Any CPU.ActiveCfg = Debug|Any CPU
		{1F28E387-E22C-4A3A-9584-8859B825B7B7}.Debug|Any CPU.Build.0 = Debug|Any CPU
		{1F28E387-E22C-4A3A-9584-8859B825B7B7}.Release|Any CPU.ActiveCfg = Release|Any CPU
		{1F28E387-E22C-4A3A-9584-8859B825B7B7}.Release|Any CPU.Build.0 = Release|Any CPU
		{6DEE1972-E64B-43F0-BBAF-04D0AA64DD60}.Debug|Any CPU.ActiveCfg = Debug|Any CPU
		{6DEE1972-E64B-43F0-BBAF-04D0AA64DD60}.Debug|Any CPU.Build.0 = Debug|Any CPU
		{6DEE1972-E64B-43F0-BBAF-04D0AA64DD60}.Release|Any CPU.ActiveCfg = Release|Any CPU
		{6DEE1972-E64B-43F0-BBAF-04D0AA64DD60}.Release|Any CPU.Build.0 = Release|Any CPU
		{EA8CAB27-7AF8-4913-B7A4-4703A0E6B4B7}.Debug|Any CPU.ActiveCfg = Debug|Any CPU
		{EA8CAB27-7AF8-4913-B7A4-4703A0E6B4B7}.Debug|Any CPU.Build.0 = Debug|Any CPU
		{EA8CAB27-7AF8-4913-B7A4-4703A0E6B4B7}.Release|Any CPU.ActiveCfg = Release|Any CPU
		{EA8CAB27-7AF8-4913-B7A4-4703A0E6B4B7}.Release|Any CPU.Build.0 = Release|Any CPU
		{09F0C4FB-DDBF-4C06-8A27-A1CE7BD29233}.Debug|Any CPU.ActiveCfg = Debug|Any CPU
		{09F0C4FB-DDBF-4C06-8A27-A1CE7BD29233}.Debug|Any CPU.Build.0 = Debug|Any CPU
		{09F0C4FB-DDBF-4C06-8A27-A1CE7BD29233}.Release|Any CPU.ActiveCfg = Release|Any CPU
		{09F0C4FB-DDBF-4C06-8A27-A1CE7BD29233}.Release|Any CPU.Build.0 = Release|Any CPU
		{91BA9F0C-A917-46A8-9165-C91CD540AE08}.Debug|Any CPU.ActiveCfg = Debug|Any CPU
		{91BA9F0C-A917-46A8-9165-C91CD540AE08}.Debug|Any CPU.Build.0 = Debug|Any CPU
		{91BA9F0C-A917-46A8-9165-C91CD540AE08}.Release|Any CPU.ActiveCfg = Release|Any CPU
		{91BA9F0C-A917-46A8-9165-C91CD540AE08}.Release|Any CPU.Build.0 = Release|Any CPU
		{4FE997FF-A528-4908-885B-D5CB2BB41F2F}.Debug|Any CPU.ActiveCfg = Debug|Any CPU
		{4FE997FF-A528-4908-885B-D5CB2BB41F2F}.Debug|Any CPU.Build.0 = Debug|Any CPU
		{4FE997FF-A528-4908-885B-D5CB2BB41F2F}.Release|Any CPU.ActiveCfg = Release|Any CPU
		{4FE997FF-A528-4908-885B-D5CB2BB41F2F}.Release|Any CPU.Build.0 = Release|Any CPU
	EndGlobalSection
	GlobalSection(SolutionProperties) = preSolution
		HideSolutionNode = FALSE
	EndGlobalSection
	GlobalSection(NestedProjects) = preSolution
		{20BA1AA4-841F-476D-9976-92A099D07B0A} = {F8203AB2-6DBF-4E79-BDC4-D0D30A643AB3}
		{2FB0F309-4BE8-4453-A7DF-BFB406C8828B} = {F8203AB2-6DBF-4E79-BDC4-D0D30A643AB3}
		{45DCA0ED-5F3E-4742-8391-E73166704AE6} = {F8203AB2-6DBF-4E79-BDC4-D0D30A643AB3}
		{EAA67FB6-4AA4-4E62-B9A8-459DBCBCAF78} = {F8203AB2-6DBF-4E79-BDC4-D0D30A643AB3}
		{23BC50AA-0E8F-4562-93C8-FFD04921B237} = {F8203AB2-6DBF-4E79-BDC4-D0D30A643AB3}
		{CD875714-33DE-4BD9-9DDB-70A640E31E73} = {F8203AB2-6DBF-4E79-BDC4-D0D30A643AB3}
		{D337149B-C0DC-443F-8CC6-4F780146872F} = {F8203AB2-6DBF-4E79-BDC4-D0D30A643AB3}
		{7CB2BAA2-F80A-4FF3-AB35-D876A06B860B} = {20BA1AA4-841F-476D-9976-92A099D07B0A}
		{D00BD58B-93FE-4F3D-BBC8-6F7873CA6830} = {20BA1AA4-841F-476D-9976-92A099D07B0A}
		{08F6FCB8-6065-4D31-B7DF-67FE67EE67E5} = {7CB2BAA2-F80A-4FF3-AB35-D876A06B860B}
		{D965ED93-6B66-44CF-8B0E-D6339529FC03} = {7CB2BAA2-F80A-4FF3-AB35-D876A06B860B}
		{0A2628F0-3E30-4DA6-852F-B2CBEC9B968D} = {7CB2BAA2-F80A-4FF3-AB35-D876A06B860B}
		{1E290AA1-36ED-484E-B3E7-ADDCB3DC9D1A} = {7CB2BAA2-F80A-4FF3-AB35-D876A06B860B}
		{1F767098-1FBF-4CB9-8637-6529E1CC0B24} = {7CB2BAA2-F80A-4FF3-AB35-D876A06B860B}
		{11C4BDBF-34BE-4094-A07C-EDC712671071} = {7CB2BAA2-F80A-4FF3-AB35-D876A06B860B}
		{CE6AD95E-0EBB-4E38-BF0B-27A67915FA68} = {7CB2BAA2-F80A-4FF3-AB35-D876A06B860B}
		{964B228B-C9FA-49AB-82C2-4F417D1BCFCB} = {7CB2BAA2-F80A-4FF3-AB35-D876A06B860B}
		{1407AF7B-A1FE-4B52-906B-7503B6DB0F2B} = {7CB2BAA2-F80A-4FF3-AB35-D876A06B860B}
		{9BDB2A7F-8D0E-44EA-B270-547891C63A3E} = {7CB2BAA2-F80A-4FF3-AB35-D876A06B860B}
		{24EAEC4F-3E3C-4A4A-AB18-F8D64A7C0673} = {2FB0F309-4BE8-4453-A7DF-BFB406C8828B}
		{32B4C021-6FB5-44DB-8A12-6710DEB4429E} = {EAA67FB6-4AA4-4E62-B9A8-459DBCBCAF78}
		{B2BE051E-82D7-4643-BB56-98F161833E30} = {EAA67FB6-4AA4-4E62-B9A8-459DBCBCAF78}
		{3AFCC15C-B3E7-4F44-9D67-44018FDFDABE} = {23BC50AA-0E8F-4562-93C8-FFD04921B237}
		{7501DDC4-8A28-4DF3-ADC6-5132D043E738} = {23BC50AA-0E8F-4562-93C8-FFD04921B237}
		{4DCDCE50-0C30-48AA-A869-52B947937A25} = {C632909C-6B2D-4291-B581-24ED8F5CB55E}
		{0C446F06-2A14-4F27-A77E-F0831D43D86F} = {C632909C-6B2D-4291-B581-24ED8F5CB55E}
		{E1436264-1C99-474D-B4B4-10330DBA3F22} = {C632909C-6B2D-4291-B581-24ED8F5CB55E}
		{53881F8E-D968-4D29-879B-C7B714A6D5E8} = {C632909C-6B2D-4291-B581-24ED8F5CB55E}
		{303355EE-E2EF-46D5-8B56-BE44E9F3D93D} = {C632909C-6B2D-4291-B581-24ED8F5CB55E}
		{76A2B541-9659-4824-A8B4-0431AD0E328D} = {C632909C-6B2D-4291-B581-24ED8F5CB55E}
		{3E42C35E-B19C-4ABE-80F8-FD268D44E11F} = {4DCDCE50-0C30-48AA-A869-52B947937A25}
		{E84BF038-FC5E-4841-8C5A-918FE8EAFF8F} = {4DCDCE50-0C30-48AA-A869-52B947937A25}
		{DB2343A4-77DB-4B6E-82D0-74C7724FC821} = {4DCDCE50-0C30-48AA-A869-52B947937A25}
		{7E75D550-3C78-46D0-A124-065A5FFFA0B2} = {E1436264-1C99-474D-B4B4-10330DBA3F22}
		{A57608FB-0095-40B3-B1AD-9F70581DD3DD} = {303355EE-E2EF-46D5-8B56-BE44E9F3D93D}
		{B8DA1457-A933-4B02-A5DF-2F899148CF50} = {303355EE-E2EF-46D5-8B56-BE44E9F3D93D}
		{770A2997-276D-405D-92CF-19305490154D} = {303355EE-E2EF-46D5-8B56-BE44E9F3D93D}
		{7B284A42-216E-45CE-BA98-311E3FF283D8} = {303355EE-E2EF-46D5-8B56-BE44E9F3D93D}
		{92C9596E-51D2-423E-9EE3-371DAC653F40} = {303355EE-E2EF-46D5-8B56-BE44E9F3D93D}
		{89454FDA-66CB-4FCA-A164-E84CEF8D8D23} = {303355EE-E2EF-46D5-8B56-BE44E9F3D93D}
		{9DFD94A1-FCCB-4B7B-8CCE-4D8F1D0E2B50} = {A57608FB-0095-40B3-B1AD-9F70581DD3DD}
		{8E9E5849-176E-4B52-830E-6E466BACE126} = {A57608FB-0095-40B3-B1AD-9F70581DD3DD}
		{B391AB82-48AB-4F73-B141-80EE9DE7D381} = {B8DA1457-A933-4B02-A5DF-2F899148CF50}
		{460EACA2-1EDB-46BC-A508-F784E4A4DA97} = {770A2997-276D-405D-92CF-19305490154D}
		{0654D78B-DE8C-4EB7-B32B-34DD1AFE46BF} = {770A2997-276D-405D-92CF-19305490154D}
		{5C56B24A-09C3-4884-B769-E3E8A042EE6A} = {770A2997-276D-405D-92CF-19305490154D}
		{8F9AD96B-47B6-4BBD-AD4E-0155B49D2BFD} = {7B284A42-216E-45CE-BA98-311E3FF283D8}
		{112B646F-5193-45CC-A9EF-D632D853CFB1} = {7B284A42-216E-45CE-BA98-311E3FF283D8}
		{A8B2D94C-8C2E-4AC5-875A-6E3540B56ADD} = {92C9596E-51D2-423E-9EE3-371DAC653F40}
		{199BF438-4F90-4C1C-941A-AF6B69A53396} = {92C9596E-51D2-423E-9EE3-371DAC653F40}
		{8227ECD6-6D34-4F4D-BFBC-02BC52E7CE7A} = {89454FDA-66CB-4FCA-A164-E84CEF8D8D23}
		{0136D28A-88DF-4C96-94FD-C1D6B4D4AE18} = {89454FDA-66CB-4FCA-A164-E84CEF8D8D23}
		{FDE26B94-980B-4155-A9A8-7CF6433C7658} = {89454FDA-66CB-4FCA-A164-E84CEF8D8D23}
		{1F28E387-E22C-4A3A-9584-8859B825B7B7} = {D337149B-C0DC-443F-8CC6-4F780146872F}
		{6DEE1972-E64B-43F0-BBAF-04D0AA64DD60} = {7CB2BAA2-F80A-4FF3-AB35-D876A06B860B}
		{EA8CAB27-7AF8-4913-B7A4-4703A0E6B4B7} = {76A2B541-9659-4824-A8B4-0431AD0E328D}
		{09F0C4FB-DDBF-4C06-8A27-A1CE7BD29233} = {76A2B541-9659-4824-A8B4-0431AD0E328D}
		{91BA9F0C-A917-46A8-9165-C91CD540AE08} = {76A2B541-9659-4824-A8B4-0431AD0E328D}
		{4FE997FF-A528-4908-885B-D5CB2BB41F2F} = {2FB0F309-4BE8-4453-A7DF-BFB406C8828B}
	EndGlobalSection
	GlobalSection(ExtensibilityGlobals) = postSolution
		SolutionGuid = {31789445-A48E-4454-9EC2-4B738A35383C}
	EndGlobalSection
EndGlobal
