{
  "requires": true,
  "lockfileVersion": 1,
  "dependencies": {
    "node": {
      "version": "8.11.3",
      "resolved": "https://registry.npmjs.org/node/-/node-8.11.3.tgz",
      "integrity": "sha512-WcjMru2asV/2Luul5wFpgw+SXc2GrD9X4nGswd1r4DoKpNU56+U3TB3+gZgswX4zYiCN8fIwwMwcAJBscS0jdg==",
      "requires": {
        "node-bin-setup": "^1.0.0"
      }
    },
    "node-bin-setup": {
      "version": "1.0.6",
      "resolved": "https://registry.npmjs.org/node-bin-setup/-/node-bin-setup-1.0.6.tgz",
      "integrity": "sha512-uPIxXNis1CRbv1DwqAxkgBk5NFV3s7cMN/Gf556jSw6jBvV7ca4F9lRL/8cALcZecRibeqU+5dFYqFFmzv5a0Q=="
    }
  }
}
