
Microsoft Visual Studio Solution File, Format Version 12.00
# Visual Studio 15
VisualStudioVersion = 15.0.28307.489
MinimumVisualStudioVersion = 10.0.40219.1
Project("{FAE04EC0-301F-11D3-BF4B-00C04F79EFBC}") = "Composer.Cart", "Composer.Cart\Composer.Cart.csproj", "{08F6FCB8-6065-4D31-B7DF-67FE67EE67E5}"
EndProject
Project("{FAE04EC0-301F-11D3-BF4B-00C04F79EFBC}") = "Composer", "Composer\Composer.csproj", "{D00BD58B-93FE-4F3D-BBC8-6F7873CA6830}"
EndProject
Project("{FAE04EC0-301F-11D3-BF4B-00C04F79EFBC}") = "Composer.IntegrationTests", "Composer.IntegrationTests\Composer.IntegrationTests.csproj", "{32B4C021-6FB5-44DB-8A12-6710DEB4429E}"
EndProject
Project("{FAE04EC0-301F-11D3-BF4B-00C04F79EFBC}") = "Composer.MyAccount", "Composer.MyAccount\Composer.MyAccount.csproj", "{0A2628F0-3E30-4DA6-852F-B2CBEC9B968D}"
EndProject
Project("{FAE04EC0-301F-11D3-BF4B-00C04F79EFBC}") = "Composer.Product", "Composer.Product\Composer.Product.csproj", "{1F767098-1FBF-4CB9-8637-6529E1CC0B24}"
EndProject
Project("{FAE04EC0-301F-11D3-BF4B-00C04F79EFBC}") = "Composer.Tests", "Composer.Tests\Composer.Tests.csproj", "{24EAEC4F-3E3C-4A4A-AB18-F8D64A7C0673}"
EndProject
Project("{FAE04EC0-301F-11D3-BF4B-00C04F79EFBC}") = "Orckestra.ForTests", "Orckestra.ForTests\Orckestra.ForTests.csproj", "{B2BE051E-82D7-4643-BB56-98F161833E30}"
EndProject
Project("{2150E333-8FDC-42A3-9474-1A3956D46DE8}") = "1 - Backend", "1 - Backend", "{C1D4A56B-2B03-4E59-A06F-559D26D38768}"
EndProject
Project("{2150E333-8FDC-42A3-9474-1A3956D46DE8}") = "2 - Frontend", "2 - Frontend", "{D24E4113-3DF1-4BFC-8ACE-CE372567F672}"
	ProjectSection(SolutionItems) = preProject
		Install-ReadMe.md = Install-ReadMe.md
	EndProjectSection
EndProject
Project("{2150E333-8FDC-42A3-9474-1A3956D46DE8}") = "3 - Mvc Site", "3 - Mvc Site", "{E78BAE75-CEC7-46E8-8AC2-0229C43F75E3}"
EndProject
Project("{2150E333-8FDC-42A3-9474-1A3956D46DE8}") = "4 - IntegrationTests", "4 - IntegrationTests", "{58F8F482-0D4B-401B-A3C3-97E3C7D51C5B}"
EndProject
Project("{2150E333-8FDC-42A3-9474-1A3956D46DE8}") = "Concerns", "Concerns", "{94D567F8-CE20-41FD-AD25-3EF1A73372AC}"
EndProject
Project("{FAE04EC0-301F-11D3-BF4B-00C04F79EFBC}") = "Composer.Product.Tests", "Composer.Product.Tests\Composer.Product.Tests.csproj", "{11C4BDBF-34BE-4094-A07C-EDC712671071}"
EndProject
Project("{FAE04EC0-301F-11D3-BF4B-00C04F79EFBC}") = "Composer.Search", "Composer.Search\Composer.Search.csproj", "{CE6AD95E-0EBB-4E38-BF0B-27A67915FA68}"
EndProject
Project("{2150E333-8FDC-42A3-9474-1A3956D46DE8}") = "8 - Tooling", "8 - Tooling", "{602EAADD-212D-4D0A-A005-885F2E2212FC}"
EndProject
Project("{FAE04EC0-301F-11D3-BF4B-00C04F79EFBC}") = "Composer.Search.Tests", "Composer.Search.Tests\Composer.Search.Tests.csproj", "{964B228B-C9FA-49AB-82C2-4F417D1BCFCB}"
EndProject
Project("{2150E333-8FDC-42A3-9474-1A3956D46DE8}") = "Solution Items", "Solution Items", "{0AF73B0A-6D98-422F-9704-F079BBD6CA61}"
	ProjectSection(SolutionItems) = preProject
		BuildAndPackage.ps1 = BuildAndPackage.ps1
		CreateAndPublishNugets.ps1 = CreateAndPublishNugets.ps1
		Solution Items\SharedAssemblyInfo.cs = Solution Items\SharedAssemblyInfo.cs
		sonar-project.properties = sonar-project.properties
		WebEssentials-Settings.json = WebEssentials-Settings.json
	EndProjectSection
EndProject
Project("{2150E333-8FDC-42A3-9474-1A3956D46DE8}") = "9 - Third Party", "9 - Third Party", "{375428E4-628A-4F8A-8B16-74154258D31F}"
EndProject
Project("{FAE04EC0-301F-11D3-BF4B-00C04F79EFBC}") = "Composer.Cart.Tests", "Composer.Cart.Tests\Composer.Cart.Tests.csproj", "{D965ED93-6B66-44CF-8B0E-D6339529FC03}"
EndProject
Project("{FAE04EC0-301F-11D3-BF4B-00C04F79EFBC}") = "Packaging", "Packaging\Packaging.csproj", "{1F28E387-E22C-4A3A-9584-8859B825B7B7}"
EndProject
Project("{2150E333-8FDC-42A3-9474-1A3956D46DE8}") = "X - Packaging", "X - Packaging", "{FD6D739C-246C-4EB0-9FD9-5D7418FE64FE}"
EndProject
Project("{FAE04EC0-301F-11D3-BF4B-00C04F79EFBC}") = "Composer.MyAccount.Tests", "Composer.MyAccount.Tests\Composer.MyAccount.Tests.csproj", "{1E290AA1-36ED-484E-B3E7-ADDCB3DC9D1A}"
EndProject
Project("{FAE04EC0-301F-11D3-BF4B-00C04F79EFBC}") = "Composer.LoadTest", "Composer.LoadTest\Composer.LoadTest.csproj", "{3AFCC15C-B3E7-4F44-9D67-44018FDFDABE}"
EndProject
Project("{FAE04EC0-301F-11D3-BF4B-00C04F79EFBC}") = "Composer.LoadTest.Tests", "Composer.LoadTest.Tests\Composer.LoadTest.Tests.csproj", "{7501DDC4-8A28-4DF3-ADC6-5132D043E738}"
EndProject
Project("{FAE04EC0-301F-11D3-BF4B-00C04F79EFBC}") = "Composer.Store", "Composer.Store\Composer.Store.csproj", "{1407AF7B-A1FE-4B52-906B-7503B6DB0F2B}"
EndProject
Project("{FAE04EC0-301F-11D3-BF4B-00C04F79EFBC}") = "Composer.Store.Tests", "Composer.Store.Tests\Composer.Store.Tests.csproj", "{9BDB2A7F-8D0E-44EA-B270-547891C63A3E}"
EndProject
Project("{FAE04EC0-301F-11D3-BF4B-00C04F79EFBC}") = "Composer.Sitemap", "Composer.Sitemap\Composer.Sitemap.csproj", "{8227ECD6-6D34-4F4D-BFBC-02BC52E7CE7A}"
EndProject
Project("{FAE04EC0-301F-11D3-BF4B-00C04F79EFBC}") = "Composer.Sitemap.Tests", "Composer.Sitemap.Tests\Composer.Sitemap.Tests.csproj", "{FDE26B94-980B-4155-A9A8-7CF6433C7658}"
EndProject
Project("{FAE04EC0-301F-11D3-BF4B-00C04F79EFBC}") = "Orckestra.Composer.SearchQuery", "Orckestra.Composer.SearchQuery\Orckestra.Composer.SearchQuery.csproj", "{6DEE1972-E64B-43F0-BBAF-04D0AA64DD60}"
EndProject
Global
	GlobalSection(SolutionConfigurationPlatforms) = preSolution
		Debug|Any CPU = Debug|Any CPU
		Release|Any CPU = Release|Any CPU
	EndGlobalSection
	GlobalSection(ProjectConfigurationPlatforms) = postSolution
		{08F6FCB8-6065-4D31-B7DF-67FE67EE67E5}.Debug|Any CPU.ActiveCfg = Debug|Any CPU
		{08F6FCB8-6065-4D31-B7DF-67FE67EE67E5}.Debug|Any CPU.Build.0 = Debug|Any CPU
		{08F6FCB8-6065-4D31-B7DF-67FE67EE67E5}.Release|Any CPU.ActiveCfg = Release|Any CPU
		{08F6FCB8-6065-4D31-B7DF-67FE67EE67E5}.Release|Any CPU.Build.0 = Release|Any CPU
		{D00BD58B-93FE-4F3D-BBC8-6F7873CA6830}.Debug|Any CPU.ActiveCfg = Debug|Any CPU
		{D00BD58B-93FE-4F3D-BBC8-6F7873CA6830}.Debug|Any CPU.Build.0 = Debug|Any CPU
		{D00BD58B-93FE-4F3D-BBC8-6F7873CA6830}.Release|Any CPU.ActiveCfg = Release|Any CPU
		{D00BD58B-93FE-4F3D-BBC8-6F7873CA6830}.Release|Any CPU.Build.0 = Release|Any CPU
		{32B4C021-6FB5-44DB-8A12-6710DEB4429E}.Debug|Any CPU.ActiveCfg = Debug|Any CPU
		{32B4C021-6FB5-44DB-8A12-6710DEB4429E}.Debug|Any CPU.Build.0 = Debug|Any CPU
		{32B4C021-6FB5-44DB-8A12-6710DEB4429E}.Release|Any CPU.ActiveCfg = Release|Any CPU
		{32B4C021-6FB5-44DB-8A12-6710DEB4429E}.Release|Any CPU.Build.0 = Release|Any CPU
		{0A2628F0-3E30-4DA6-852F-B2CBEC9B968D}.Debug|Any CPU.ActiveCfg = Debug|Any CPU
		{0A2628F0-3E30-4DA6-852F-B2CBEC9B968D}.Debug|Any CPU.Build.0 = Debug|Any CPU
		{0A2628F0-3E30-4DA6-852F-B2CBEC9B968D}.Release|Any CPU.ActiveCfg = Release|Any CPU
		{0A2628F0-3E30-4DA6-852F-B2CBEC9B968D}.Release|Any CPU.Build.0 = Release|Any CPU
		{1F767098-1FBF-4CB9-8637-6529E1CC0B24}.Debug|Any CPU.ActiveCfg = Debug|Any CPU
		{1F767098-1FBF-4CB9-8637-6529E1CC0B24}.Debug|Any CPU.Build.0 = Debug|Any CPU
		{1F767098-1FBF-4CB9-8637-6529E1CC0B24}.Release|Any CPU.ActiveCfg = Release|Any CPU
		{1F767098-1FBF-4CB9-8637-6529E1CC0B24}.Release|Any CPU.Build.0 = Release|Any CPU
		{24EAEC4F-3E3C-4A4A-AB18-F8D64A7C0673}.Debug|Any CPU.ActiveCfg = Debug|Any CPU
		{24EAEC4F-3E3C-4A4A-AB18-F8D64A7C0673}.Debug|Any CPU.Build.0 = Debug|Any CPU
		{24EAEC4F-3E3C-4A4A-AB18-F8D64A7C0673}.Release|Any CPU.ActiveCfg = Release|Any CPU
		{24EAEC4F-3E3C-4A4A-AB18-F8D64A7C0673}.Release|Any CPU.Build.0 = Release|Any CPU
		{B2BE051E-82D7-4643-BB56-98F161833E30}.Debug|Any CPU.ActiveCfg = Debug|Any CPU
		{B2BE051E-82D7-4643-BB56-98F161833E30}.Debug|Any CPU.Build.0 = Debug|Any CPU
		{B2BE051E-82D7-4643-BB56-98F161833E30}.Release|Any CPU.ActiveCfg = Release|Any CPU
		{B2BE051E-82D7-4643-BB56-98F161833E30}.Release|Any CPU.Build.0 = Release|Any CPU
		{11C4BDBF-34BE-4094-A07C-EDC712671071}.Debug|Any CPU.ActiveCfg = Debug|Any CPU
		{11C4BDBF-34BE-4094-A07C-EDC712671071}.Debug|Any CPU.Build.0 = Debug|Any CPU
		{11C4BDBF-34BE-4094-A07C-EDC712671071}.Release|Any CPU.ActiveCfg = Release|Any CPU
		{11C4BDBF-34BE-4094-A07C-EDC712671071}.Release|Any CPU.Build.0 = Release|Any CPU
		{CE6AD95E-0EBB-4E38-BF0B-27A67915FA68}.Debug|Any CPU.ActiveCfg = Debug|Any CPU
		{CE6AD95E-0EBB-4E38-BF0B-27A67915FA68}.Debug|Any CPU.Build.0 = Debug|Any CPU
		{CE6AD95E-0EBB-4E38-BF0B-27A67915FA68}.Release|Any CPU.ActiveCfg = Release|Any CPU
		{CE6AD95E-0EBB-4E38-BF0B-27A67915FA68}.Release|Any CPU.Build.0 = Release|Any CPU
		{964B228B-C9FA-49AB-82C2-4F417D1BCFCB}.Debug|Any CPU.ActiveCfg = Debug|Any CPU
		{964B228B-C9FA-49AB-82C2-4F417D1BCFCB}.Debug|Any CPU.Build.0 = Debug|Any CPU
		{964B228B-C9FA-49AB-82C2-4F417D1BCFCB}.Release|Any CPU.ActiveCfg = Release|Any CPU
		{964B228B-C9FA-49AB-82C2-4F417D1BCFCB}.Release|Any CPU.Build.0 = Release|Any CPU
		{D965ED93-6B66-44CF-8B0E-D6339529FC03}.Debug|Any CPU.ActiveCfg = Debug|Any CPU
		{D965ED93-6B66-44CF-8B0E-D6339529FC03}.Debug|Any CPU.Build.0 = Debug|Any CPU
		{D965ED93-6B66-44CF-8B0E-D6339529FC03}.Release|Any CPU.ActiveCfg = Release|Any CPU
		{D965ED93-6B66-44CF-8B0E-D6339529FC03}.Release|Any CPU.Build.0 = Release|Any CPU
		{1F28E387-E22C-4A3A-9584-8859B825B7B7}.Debug|Any CPU.ActiveCfg = Debug|Any CPU
		{1F28E387-E22C-4A3A-9584-8859B825B7B7}.Debug|Any CPU.Build.0 = Debug|Any CPU
		{1F28E387-E22C-4A3A-9584-8859B825B7B7}.Release|Any CPU.ActiveCfg = Release|Any CPU
		{1F28E387-E22C-4A3A-9584-8859B825B7B7}.Release|Any CPU.Build.0 = Release|Any CPU
		{1E290AA1-36ED-484E-B3E7-ADDCB3DC9D1A}.Debug|Any CPU.ActiveCfg = Debug|Any CPU
		{1E290AA1-36ED-484E-B3E7-ADDCB3DC9D1A}.Debug|Any CPU.Build.0 = Debug|Any CPU
		{1E290AA1-36ED-484E-B3E7-ADDCB3DC9D1A}.Release|Any CPU.ActiveCfg = Release|Any CPU
		{1E290AA1-36ED-484E-B3E7-ADDCB3DC9D1A}.Release|Any CPU.Build.0 = Release|Any CPU
		{3AFCC15C-B3E7-4F44-9D67-44018FDFDABE}.Debug|Any CPU.ActiveCfg = Debug|Any CPU
		{3AFCC15C-B3E7-4F44-9D67-44018FDFDABE}.Debug|Any CPU.Build.0 = Debug|Any CPU
		{3AFCC15C-B3E7-4F44-9D67-44018FDFDABE}.Release|Any CPU.ActiveCfg = Release|Any CPU
		{3AFCC15C-B3E7-4F44-9D67-44018FDFDABE}.Release|Any CPU.Build.0 = Release|Any CPU
		{7501DDC4-8A28-4DF3-ADC6-5132D043E738}.Debug|Any CPU.ActiveCfg = Debug|Any CPU
		{7501DDC4-8A28-4DF3-ADC6-5132D043E738}.Debug|Any CPU.Build.0 = Debug|Any CPU
		{7501DDC4-8A28-4DF3-ADC6-5132D043E738}.Release|Any CPU.ActiveCfg = Release|Any CPU
		{7501DDC4-8A28-4DF3-ADC6-5132D043E738}.Release|Any CPU.Build.0 = Release|Any CPU
		{1407AF7B-A1FE-4B52-906B-7503B6DB0F2B}.Debug|Any CPU.ActiveCfg = Debug|Any CPU
		{1407AF7B-A1FE-4B52-906B-7503B6DB0F2B}.Debug|Any CPU.Build.0 = Debug|Any CPU
		{1407AF7B-A1FE-4B52-906B-7503B6DB0F2B}.Release|Any CPU.ActiveCfg = Release|Any CPU
		{1407AF7B-A1FE-4B52-906B-7503B6DB0F2B}.Release|Any CPU.Build.0 = Release|Any CPU
		{9BDB2A7F-8D0E-44EA-B270-547891C63A3E}.Debug|Any CPU.ActiveCfg = Debug|Any CPU
		{9BDB2A7F-8D0E-44EA-B270-547891C63A3E}.Debug|Any CPU.Build.0 = Debug|Any CPU
		{9BDB2A7F-8D0E-44EA-B270-547891C63A3E}.Release|Any CPU.ActiveCfg = Release|Any CPU
		{9BDB2A7F-8D0E-44EA-B270-547891C63A3E}.Release|Any CPU.Build.0 = Release|Any CPU
		{8227ECD6-6D34-4F4D-BFBC-02BC52E7CE7A}.Debug|Any CPU.ActiveCfg = Debug|Any CPU
		{8227ECD6-6D34-4F4D-BFBC-02BC52E7CE7A}.Debug|Any CPU.Build.0 = Debug|Any CPU
		{8227ECD6-6D34-4F4D-BFBC-02BC52E7CE7A}.Release|Any CPU.ActiveCfg = Release|Any CPU
		{8227ECD6-6D34-4F4D-BFBC-02BC52E7CE7A}.Release|Any CPU.Build.0 = Release|Any CPU
		{FDE26B94-980B-4155-A9A8-7CF6433C7658}.Debug|Any CPU.ActiveCfg = Debug|Any CPU
		{FDE26B94-980B-4155-A9A8-7CF6433C7658}.Debug|Any CPU.Build.0 = Debug|Any CPU
		{FDE26B94-980B-4155-A9A8-7CF6433C7658}.Release|Any CPU.ActiveCfg = Release|Any CPU
		{FDE26B94-980B-4155-A9A8-7CF6433C7658}.Release|Any CPU.Build.0 = Release|Any CPU
		{6DEE1972-E64B-43F0-BBAF-04D0AA64DD60}.Debug|Any CPU.ActiveCfg = Debug|Any CPU
		{6DEE1972-E64B-43F0-BBAF-04D0AA64DD60}.Debug|Any CPU.Build.0 = Debug|Any CPU
		{6DEE1972-E64B-43F0-BBAF-04D0AA64DD60}.Release|Any CPU.ActiveCfg = Release|Any CPU
		{6DEE1972-E64B-43F0-BBAF-04D0AA64DD60}.Release|Any CPU.Build.0 = Release|Any CPU
	EndGlobalSection
	GlobalSection(SolutionProperties) = preSolution
		HideSolutionNode = FALSE
	EndGlobalSection
	GlobalSection(NestedProjects) = preSolution
		{08F6FCB8-6065-4D31-B7DF-67FE67EE67E5} = {94D567F8-CE20-41FD-AD25-3EF1A73372AC}
		{D00BD58B-93FE-4F3D-BBC8-6F7873CA6830} = {C1D4A56B-2B03-4E59-A06F-559D26D38768}
		{32B4C021-6FB5-44DB-8A12-6710DEB4429E} = {58F8F482-0D4B-401B-A3C3-97E3C7D51C5B}
		{0A2628F0-3E30-4DA6-852F-B2CBEC9B968D} = {94D567F8-CE20-41FD-AD25-3EF1A73372AC}
		{1F767098-1FBF-4CB9-8637-6529E1CC0B24} = {94D567F8-CE20-41FD-AD25-3EF1A73372AC}
		{24EAEC4F-3E3C-4A4A-AB18-F8D64A7C0673} = {D24E4113-3DF1-4BFC-8ACE-CE372567F672}
		{B2BE051E-82D7-4643-BB56-98F161833E30} = {58F8F482-0D4B-401B-A3C3-97E3C7D51C5B}
		{94D567F8-CE20-41FD-AD25-3EF1A73372AC} = {C1D4A56B-2B03-4E59-A06F-559D26D38768}
		{11C4BDBF-34BE-4094-A07C-EDC712671071} = {94D567F8-CE20-41FD-AD25-3EF1A73372AC}
		{CE6AD95E-0EBB-4E38-BF0B-27A67915FA68} = {94D567F8-CE20-41FD-AD25-3EF1A73372AC}
		{964B228B-C9FA-49AB-82C2-4F417D1BCFCB} = {94D567F8-CE20-41FD-AD25-3EF1A73372AC}
		{D965ED93-6B66-44CF-8B0E-D6339529FC03} = {94D567F8-CE20-41FD-AD25-3EF1A73372AC}
		{1F28E387-E22C-4A3A-9584-8859B825B7B7} = {FD6D739C-246C-4EB0-9FD9-5D7418FE64FE}
		{1E290AA1-36ED-484E-B3E7-ADDCB3DC9D1A} = {94D567F8-CE20-41FD-AD25-3EF1A73372AC}
		{3AFCC15C-B3E7-4F44-9D67-44018FDFDABE} = {602EAADD-212D-4D0A-A005-885F2E2212FC}
		{7501DDC4-8A28-4DF3-ADC6-5132D043E738} = {602EAADD-212D-4D0A-A005-885F2E2212FC}
		{1407AF7B-A1FE-4B52-906B-7503B6DB0F2B} = {94D567F8-CE20-41FD-AD25-3EF1A73372AC}
		{9BDB2A7F-8D0E-44EA-B270-547891C63A3E} = {94D567F8-CE20-41FD-AD25-3EF1A73372AC}
		{8227ECD6-6D34-4F4D-BFBC-02BC52E7CE7A} = {94D567F8-CE20-41FD-AD25-3EF1A73372AC}
		{FDE26B94-980B-4155-A9A8-7CF6433C7658} = {94D567F8-CE20-41FD-AD25-3EF1A73372AC}
		{6DEE1972-E64B-43F0-BBAF-04D0AA64DD60} = {94D567F8-CE20-41FD-AD25-3EF1A73372AC}
	EndGlobalSection
	GlobalSection(ExtensibilityGlobals) = postSolution
		SolutionGuid = {127E1900-E2DE-4563-935F-0553755D0E5C}
		EnterpriseLibraryConfigurationToolBinariesPathV6 = packages\EnterpriseLibrary.TransientFaultHandling.6.0.1304.0\lib\portable-net45+win+wp8;packages\EnterpriseLibrary.TransientFaultHandling.Data.6.0.1304.1\lib\NET45
	EndGlobalSection
EndGlobal
