
Microsoft Visual Studio Solution File, Format Version 12.00
# Visual Studio Version 16
VisualStudioVersion = 16.0.29324.140
MinimumVisualStudioVersion = 10.0.40219.1
Project("{FAE04EC0-301F-11D3-BF4B-00C04F79EFBC}") = "Composer.CompositeC1", "Composer.CompositeC1\Composer.CompositeC1.csproj", "{3E42C35E-B19C-4ABE-80F8-FD268D44E11F}"
EndProject
Project("{FAE04EC0-301F-11D3-BF4B-00C04F79EFBC}") = "Composer.CompositeC1.Mvc", "Composer.CompositeC1.Mvc\Composer.CompositeC1.Mvc.csproj", "{7E75D550-3C78-46D0-A124-065A5FFFA0B2}"
EndProject
Project("{FAE04EC0-301F-11D3-BF4B-00C04F79EFBC}") = "Composer.CompositeC1.Tests", "Composer.CompositeC1.Tests\Composer.CompositeC1.Tests.csproj", "{DB2343A4-77DB-4B6E-82D0-74C7724FC821}"
EndProject
Project("{FAE04EC0-301F-11D3-BF4B-00C04F79EFBC}") = "Composer.CompositeC1.IntegrationTests", "Composer.CompositeC1.IntegrationTests\Composer.CompositeC1.IntegrationTests.csproj", "{ECA297FA-1674-4071-9FD1-5E4AE159CE0C}"
EndProject
Project("{2150E333-8FDC-42A3-9474-1A3956D46DE8}") = "Solution items", "Solution items", "{7C4208B6-475D-4115-B1B2-03A489660615}"
	ProjectSection(SolutionItems) = preProject
		BuildAndPackage.ps1 = BuildAndPackage.ps1
		Solution Items\SharedAssemblyInfo.cs = Solution Items\SharedAssemblyInfo.cs
		sonar-project.properties = sonar-project.properties
	EndProjectSection
EndProject
Project("{FAE04EC0-301F-11D3-BF4B-00C04F79EFBC}") = "Package.C1", "Package.C1\Package.C1.csproj", "{EA8CAB27-7AF8-4913-B7A4-4703A0E6B4B7}"
	ProjectSection(ProjectDependencies) = postProject
		{7E75D550-3C78-46D0-A124-065A5FFFA0B2} = {7E75D550-3C78-46D0-A124-065A5FFFA0B2}
		{3E42C35E-B19C-4ABE-80F8-FD268D44E11F} = {3E42C35E-B19C-4ABE-80F8-FD268D44E11F}
	EndProjectSection
EndProject
Project("{2150E333-8FDC-42A3-9474-1A3956D46DE8}") = "1 - Backend", "1 - Backend", "{8D2C6219-D2AA-43D0-80C4-1A05F108C088}"
EndProject
Project("{2150E333-8FDC-42A3-9474-1A3956D46DE8}") = "2 - Frontend", "2 - Frontend", "{870B7EF7-6B13-454A-9203-5D23BFFA723C}"
EndProject
Project("{2150E333-8FDC-42A3-9474-1A3956D46DE8}") = "3 - Mvc Site", "3 - Mvc Site", "{331CBB1A-6003-4019-9A72-C4860127EC2D}"
EndProject
Project("{FAE04EC0-301F-11D3-BF4B-00C04F79EFBC}") = "Composer.CompositeC1.Mvc.Tests", "Composer.CompositeC1.Mvc.Tests\Composer.CompositeC1.Mvc.Tests.csproj", "{B087B0F6-C5DC-4290-B3DA-F39684D6337E}"
EndProject
Project("{2150E333-8FDC-42A3-9474-1A3956D46DE8}") = "4 - IntegrationTests", "4 - IntegrationTests", "{81336705-3791-4596-8C97-9B1F22EA109C}"
EndProject
Project("{2150E333-8FDC-42A3-9474-1A3956D46DE8}") = "X - Packaging", "X - Packaging", "{4E711E19-E09A-42A1-9E6B-0C644DE2ED7B}"
EndProject
Project("{FAE04EC0-301F-11D3-BF4B-00C04F79EFBC}") = "Composer.CompositeC1.DataTypes", "Composer.CompositeC1.DataTypes\Composer.CompositeC1.DataTypes.csproj", "{E84BF038-FC5E-4841-8C5A-918FE8EAFF8F}"
EndProject
Project("{2150E333-8FDC-42A3-9474-1A3956D46DE8}") = "5 - C1 CMS Packages", "5 - C1 CMS Packages", "{8C3A4F1C-2D89-41E1-AA07-E8E58FA26FE4}"
EndProject
Project("{2150E333-8FDC-42A3-9474-1A3956D46DE8}") = "Queries", "Queries", "{8CA84E04-B406-45A9-ADCF-549A142B3405}"
EndProject
Project("{FAE04EC0-301F-11D3-BF4B-00C04F79EFBC}") = "Orckestra.Composer.C1CMS.Queries", "Orckestra.Composer.C1CMS.Queries\Orckestra.Composer.C1CMS.Queries.csproj", "{8F9AD96B-47B6-4BBD-AD4E-0155B49D2BFD}"
EndProject
Project("{FAE04EC0-301F-11D3-BF4B-00C04F79EFBC}") = "Orckestra.Composer.C1CMS.Queries.Package", "Orckestra.Composer.C1CMS.Queries.Package\Orckestra.Composer.C1CMS.Queries.Package.csproj", "{112B646F-5193-45CC-A9EF-D632D853CFB1}"
EndProject
Project("{2150E333-8FDC-42A3-9474-1A3956D46DE8}") = "SEO", "SEO", "{0B18646D-2848-4CED-84C5-3C8EB9ACFE9E}"
EndProject
Project("{FAE04EC0-301F-11D3-BF4B-00C04F79EFBC}") = "Orckestra.Composer.SEO.Organization.Package", "Orckestra.Composer.SEO.Organization\Orckestra.Composer.SEO.Organization.Package.csproj", "{199BF438-4F90-4C1C-941A-AF6B69A53396}"
EndProject
Project("{FAE04EC0-301F-11D3-BF4B-00C04F79EFBC}") = "Orckestra.Composer.SEO.Organization.Content", "Orckestra.Composer.SEO.Content\Orckestra.Composer.SEO.Organization.Content.csproj", "{A8B2D94C-8C2E-4AC5-875A-6E3540B56ADD}"
EndProject
Project("{2150E333-8FDC-42A3-9474-1A3956D46DE8}") = "Content", "Content", "{B87B2E7D-8765-4C62-8E1E-314B3890C532}"
EndProject
Project("{FAE04EC0-301F-11D3-BF4B-00C04F79EFBC}") = "Orckestra.Composer.Languages.Package", "Orckestra.Composer.Languages\Orckestra.Composer.Languages.Package.csproj", "{B391AB82-48AB-4F73-B141-80EE9DE7D381}"
EndProject
Global
	GlobalSection(SolutionConfigurationPlatforms) = preSolution
		Debug|Any CPU = Debug|Any CPU
		Release|Any CPU = Release|Any CPU
	EndGlobalSection
	GlobalSection(ProjectConfigurationPlatforms) = postSolution
		{3E42C35E-B19C-4ABE-80F8-FD268D44E11F}.Debug|Any CPU.ActiveCfg = Debug|Any CPU
		{3E42C35E-B19C-4ABE-80F8-FD268D44E11F}.Debug|Any CPU.Build.0 = Debug|Any CPU
		{3E42C35E-B19C-4ABE-80F8-FD268D44E11F}.Release|Any CPU.ActiveCfg = Release|Any CPU
		{3E42C35E-B19C-4ABE-80F8-FD268D44E11F}.Release|Any CPU.Build.0 = Release|Any CPU
		{7E75D550-3C78-46D0-A124-065A5FFFA0B2}.Debug|Any CPU.ActiveCfg = Debug|Any CPU
		{7E75D550-3C78-46D0-A124-065A5FFFA0B2}.Debug|Any CPU.Build.0 = Debug|Any CPU
		{7E75D550-3C78-46D0-A124-065A5FFFA0B2}.Release|Any CPU.ActiveCfg = Release|Any CPU
		{7E75D550-3C78-46D0-A124-065A5FFFA0B2}.Release|Any CPU.Build.0 = Release|Any CPU
		{DB2343A4-77DB-4B6E-82D0-74C7724FC821}.Debug|Any CPU.ActiveCfg = Debug|Any CPU
		{DB2343A4-77DB-4B6E-82D0-74C7724FC821}.Debug|Any CPU.Build.0 = Debug|Any CPU
		{DB2343A4-77DB-4B6E-82D0-74C7724FC821}.Release|Any CPU.ActiveCfg = Release|Any CPU
		{DB2343A4-77DB-4B6E-82D0-74C7724FC821}.Release|Any CPU.Build.0 = Release|Any CPU
		{ECA297FA-1674-4071-9FD1-5E4AE159CE0C}.Debug|Any CPU.ActiveCfg = Debug|Any CPU
		{ECA297FA-1674-4071-9FD1-5E4AE159CE0C}.Debug|Any CPU.Build.0 = Debug|Any CPU
		{ECA297FA-1674-4071-9FD1-5E4AE159CE0C}.Release|Any CPU.ActiveCfg = Release|Any CPU
		{ECA297FA-1674-4071-9FD1-5E4AE159CE0C}.Release|Any CPU.Build.0 = Release|Any CPU
		{EA8CAB27-7AF8-4913-B7A4-4703A0E6B4B7}.Debug|Any CPU.ActiveCfg = Debug|Any CPU
		{EA8CAB27-7AF8-4913-B7A4-4703A0E6B4B7}.Debug|Any CPU.Build.0 = Debug|Any CPU
		{EA8CAB27-7AF8-4913-B7A4-4703A0E6B4B7}.Release|Any CPU.ActiveCfg = Release|Any CPU
		{EA8CAB27-7AF8-4913-B7A4-4703A0E6B4B7}.Release|Any CPU.Build.0 = Release|Any CPU
		{B087B0F6-C5DC-4290-B3DA-F39684D6337E}.Debug|Any CPU.ActiveCfg = Debug|Any CPU
		{B087B0F6-C5DC-4290-B3DA-F39684D6337E}.Debug|Any CPU.Build.0 = Debug|Any CPU
		{B087B0F6-C5DC-4290-B3DA-F39684D6337E}.Release|Any CPU.ActiveCfg = Release|Any CPU
		{B087B0F6-C5DC-4290-B3DA-F39684D6337E}.Release|Any CPU.Build.0 = Release|Any CPU
		{E84BF038-FC5E-4841-8C5A-918FE8EAFF8F}.Debug|Any CPU.ActiveCfg = Debug|Any CPU
		{E84BF038-FC5E-4841-8C5A-918FE8EAFF8F}.Debug|Any CPU.Build.0 = Debug|Any CPU
		{E84BF038-FC5E-4841-8C5A-918FE8EAFF8F}.Release|Any CPU.ActiveCfg = Release|Any CPU
		{E84BF038-FC5E-4841-8C5A-918FE8EAFF8F}.Release|Any CPU.Build.0 = Release|Any CPU
		{8F9AD96B-47B6-4BBD-AD4E-0155B49D2BFD}.Debug|Any CPU.ActiveCfg = Debug|Any CPU
		{8F9AD96B-47B6-4BBD-AD4E-0155B49D2BFD}.Debug|Any CPU.Build.0 = Debug|Any CPU
		{8F9AD96B-47B6-4BBD-AD4E-0155B49D2BFD}.Release|Any CPU.ActiveCfg = Release|Any CPU
		{8F9AD96B-47B6-4BBD-AD4E-0155B49D2BFD}.Release|Any CPU.Build.0 = Release|Any CPU
		{112B646F-5193-45CC-A9EF-D632D853CFB1}.Debug|Any CPU.ActiveCfg = Debug|Any CPU
		{112B646F-5193-45CC-A9EF-D632D853CFB1}.Debug|Any CPU.Build.0 = Debug|Any CPU
		{112B646F-5193-45CC-A9EF-D632D853CFB1}.Release|Any CPU.ActiveCfg = Release|Any CPU
		{112B646F-5193-45CC-A9EF-D632D853CFB1}.Release|Any CPU.Build.0 = Release|Any CPU
		{199BF438-4F90-4C1C-941A-AF6B69A53396}.Debug|Any CPU.ActiveCfg = Debug|Any CPU
		{199BF438-4F90-4C1C-941A-AF6B69A53396}.Debug|Any CPU.Build.0 = Debug|Any CPU
		{199BF438-4F90-4C1C-941A-AF6B69A53396}.Release|Any CPU.ActiveCfg = Release|Any CPU
		{199BF438-4F90-4C1C-941A-AF6B69A53396}.Release|Any CPU.Build.0 = Release|Any CPU
		{A8B2D94C-8C2E-4AC5-875A-6E3540B56ADD}.Debug|Any CPU.ActiveCfg = Debug|Any CPU
		{A8B2D94C-8C2E-4AC5-875A-6E3540B56ADD}.Debug|Any CPU.Build.0 = Debug|Any CPU
		{A8B2D94C-8C2E-4AC5-875A-6E3540B56ADD}.Release|Any CPU.ActiveCfg = Release|Any CPU
		{A8B2D94C-8C2E-4AC5-875A-6E3540B56ADD}.Release|Any CPU.Build.0 = Release|Any CPU
		{B391AB82-48AB-4F73-B141-80EE9DE7D381}.Debug|Any CPU.ActiveCfg = Debug|Any CPU
		{B391AB82-48AB-4F73-B141-80EE9DE7D381}.Debug|Any CPU.Build.0 = Debug|Any CPU
		{B391AB82-48AB-4F73-B141-80EE9DE7D381}.Release|Any CPU.ActiveCfg = Release|Any CPU
		{B391AB82-48AB-4F73-B141-80EE9DE7D381}.Release|Any CPU.Build.0 = Release|Any CPU
	EndGlobalSection
	GlobalSection(SolutionProperties) = preSolution
		HideSolutionNode = FALSE
	EndGlobalSection
	GlobalSection(NestedProjects) = preSolution
		{3E42C35E-B19C-4ABE-80F8-FD268D44E11F} = {8D2C6219-D2AA-43D0-80C4-1A05F108C088}
		{7E75D550-3C78-46D0-A124-065A5FFFA0B2} = {331CBB1A-6003-4019-9A72-C4860127EC2D}
		{DB2343A4-77DB-4B6E-82D0-74C7724FC821} = {8D2C6219-D2AA-43D0-80C4-1A05F108C088}
		{ECA297FA-1674-4071-9FD1-5E4AE159CE0C} = {81336705-3791-4596-8C97-9B1F22EA109C}
		{EA8CAB27-7AF8-4913-B7A4-4703A0E6B4B7} = {4E711E19-E09A-42A1-9E6B-0C644DE2ED7B}
		{B087B0F6-C5DC-4290-B3DA-F39684D6337E} = {331CBB1A-6003-4019-9A72-C4860127EC2D}
		{E84BF038-FC5E-4841-8C5A-918FE8EAFF8F} = {8D2C6219-D2AA-43D0-80C4-1A05F108C088}
		{8CA84E04-B406-45A9-ADCF-549A142B3405} = {8C3A4F1C-2D89-41E1-AA07-E8E58FA26FE4}
		{8F9AD96B-47B6-4BBD-AD4E-0155B49D2BFD} = {8CA84E04-B406-45A9-ADCF-549A142B3405}
		{112B646F-5193-45CC-A9EF-D632D853CFB1} = {8CA84E04-B406-45A9-ADCF-549A142B3405}
		{0B18646D-2848-4CED-84C5-3C8EB9ACFE9E} = {8C3A4F1C-2D89-41E1-AA07-E8E58FA26FE4}
		{199BF438-4F90-4C1C-941A-AF6B69A53396} = {0B18646D-2848-4CED-84C5-3C8EB9ACFE9E}
		{A8B2D94C-8C2E-4AC5-875A-6E3540B56ADD} = {0B18646D-2848-4CED-84C5-3C8EB9ACFE9E}
		{B87B2E7D-8765-4C62-8E1E-314B3890C532} = {8C3A4F1C-2D89-41E1-AA07-E8E58FA26FE4}
		{B391AB82-48AB-4F73-B141-80EE9DE7D381} = {B87B2E7D-8765-4C62-8E1E-314B3890C532}
	EndGlobalSection
	GlobalSection(ExtensibilityGlobals) = postSolution
		SolutionGuid = {B483BAF0-FC77-4BA7-8B43-DC593B90A3EE}
		EnterpriseLibraryConfigurationToolBinariesPathV6 = packages\EnterpriseLibrary.TransientFaultHandling.6.0.1304.0\lib\portable-net45+win+wp8;packages\EnterpriseLibrary.TransientFaultHandling.Data.6.0.1304.1\lib\NET45;ng.6.0.1304.0\lib\portable-net45+win+wp8;ng.Data.6.0.1304.1\lib\NET45;packages\EnterpriseLibrary.Common.6.0.1304.0\lib\NET45
	EndGlobalSection
EndGlobal
